github.com/compoundinvest/invest-core v0.0.0-20230527171437-4f70630008ad h1:ed11CKmswi1UI9qQawf9OsQuY1mKf4/r7q11wzEFypw=
github.com/compoundinvest/invest-core v0.0.0-20230527171437-4f70630008ad/go.mod h1:ACvRK1vQuWIW12Ku9PYknMKFjw6slBp3mpkHGCTV7q8=
github.com/compoundinvest/invest-core v0.0.0-20230820182806-5eb59287ae87 h1:ZYmQFJymLVNjNkwTiSEgfoqp0Xb/Lz1cXfY2XziJPWU=
github.com/compoundinvest/invest-core v0.0.0-20230820182806-5eb59287ae87/go.mod h1:ACvRK1vQuWIW12Ku9PYknMKFjw6slBp3mpkHGCTV7q8=
